
Microsoft Visual Studio Solution File, Format Version 12.00
# Visual Studio 15
VisualStudioVersion = 15.0.28307.645
MinimumVisualStudioVersion = 10.0.40219.1
Project("{9A19103F-16F7-4668-BE54-9A1E7A4F7556}") = "BinarySearch", "BinarySearch\BinarySearch.csproj", "{82FDBBF7-BD0D-481C-A4CB-4602D2A28D14}"
EndProject
Project("{FAE04EC0-301F-11D3-BF4B-00C04F79EFBC}") = "BinarySearchTester", "BinarySearch\BinarySearchTester\BinarySearchTester.csproj", "{F5FACDBF-E3C7-45AE-BD4F-C8238FF25857}"
EndProject
Global
	GlobalSection(SolutionConfigurationPlatforms) = preSolution
		Debug|Any CPU = Debug|Any CPU
		Release|Any CPU = Release|Any CPU
	EndGlobalSection
	GlobalSection(ProjectConfigurationPlatforms) = postSolution
		{82FDBBF7-BD0D-481C-A4CB-4602D2A28D14}.Debug|Any CPU.ActiveCfg = Debug|Any CPU
		{82FDBBF7-BD0D-481C-A4CB-4602D2A28D14}.Debug|Any CPU.Build.0 = Debug|Any CPU
		{82FDBBF7-BD0D-481C-A4CB-4602D2A28D14}.Release|Any CPU.ActiveCfg = Release|Any CPU
		{82FDBBF7-BD0D-481C-A4CB-4602D2A28D14}.Release|Any CPU.Build.0 = Release|Any CPU
		{F5FACDBF-E3C7-45AE-BD4F-C8238FF25857}.Debug|Any CPU.ActiveCfg = Debug|Any CPU
		{F5FACDBF-E3C7-45AE-BD4F-C8238FF25857}.Debug|Any CPU.Build.0 = Debug|Any CPU
		{F5FACDBF-E3C7-45AE-BD4F-C8238FF25857}.Release|Any CPU.ActiveCfg = Release|Any CPU
		{F5FACDBF-E3C7-45AE-BD4F-C8238FF25857}.Release|Any CPU.Build.0 = Release|Any CPU
	EndGlobalSection
	GlobalSection(SolutionProperties) = preSolution
		HideSolutionNode = FALSE
	EndGlobalSection
	GlobalSection(ExtensibilityGlobals) = postSolution
		SolutionGuid = {E4DC68A4-61A4-4BF0-BC76-1F5F7F3E8343}
	EndGlobalSection
EndGlobal
