
Microsoft Visual Studio Solution File, Format Version 12.00
# Visual Studio 15
VisualStudioVersion = 15.0.28307.645
MinimumVisualStudioVersion = 10.0.40219.1
Project("{FAE04EC0-301F-11D3-BF4B-00C04F79EFBC}") = "MultiBracketValidation", "MultiBracketValidation\MultiBracketValidation.csproj", "{770D023A-56D0-4F17-8C94-ADB179FE94F9}"
EndProject
Global
	GlobalSection(SolutionConfigurationPlatforms) = preSolution
		Debug|Any CPU = Debug|Any CPU
		Release|Any CPU = Release|Any CPU
	EndGlobalSection
	GlobalSection(ProjectConfigurationPlatforms) = postSolution
		{770D023A-56D0-4F17-8C94-ADB179FE94F9}.Debug|Any CPU.ActiveCfg = Debug|Any CPU
		{770D023A-56D0-4F17-8C94-ADB179FE94F9}.Debug|Any CPU.Build.0 = Debug|Any CPU
		{770D023A-56D0-4F17-8C94-ADB179FE94F9}.Release|Any CPU.ActiveCfg = Release|Any CPU
		{770D023A-56D0-4F17-8C94-ADB179FE94F9}.Release|Any CPU.Build.0 = Release|Any CPU
	EndGlobalSection
	GlobalSection(SolutionProperties) = preSolution
		HideSolutionNode = FALSE
	EndGlobalSection
	GlobalSection(ExtensibilityGlobals) = postSolution
		SolutionGuid = {DC751702-FBEB-4ED9-A8FE-82543060FDA8}
	EndGlobalSection
EndGlobal
