
Microsoft Visual Studio Solution File, Format Version 12.00
# Visual Studio 15
VisualStudioVersion = 15.0.28307.645
MinimumVisualStudioVersion = 10.0.40219.1
Project("{9A19103F-16F7-4668-BE54-9A1E7A4F7556}") = "Tree", "Tree\Tree.csproj", "{6432FB58-5EF8-447C-A3FF-85A642526939}"
EndProject
Project("{FAE04EC0-301F-11D3-BF4B-00C04F79EFBC}") = "XUnitTestProject1", "XUnitTestProject1\XUnitTestProject1.csproj", "{A9D7128A-ED79-497E-9FF2-EA14F2A2401C}"
EndProject
Global
	GlobalSection(SolutionConfigurationPlatforms) = preSolution
		Debug|Any CPU = Debug|Any CPU
		Release|Any CPU = Release|Any CPU
	EndGlobalSection
	GlobalSection(ProjectConfigurationPlatforms) = postSolution
		{6432FB58-5EF8-447C-A3FF-85A642526939}.Debug|Any CPU.ActiveCfg = Debug|Any CPU
		{6432FB58-5EF8-447C-A3FF-85A642526939}.Debug|Any CPU.Build.0 = Debug|Any CPU
		{6432FB58-5EF8-447C-A3FF-85A642526939}.Release|Any CPU.ActiveCfg = Release|Any CPU
		{6432FB58-5EF8-447C-A3FF-85A642526939}.Release|Any CPU.Build.0 = Release|Any CPU
		{A9D7128A-ED79-497E-9FF2-EA14F2A2401C}.Debug|Any CPU.ActiveCfg = Debug|Any CPU
		{A9D7128A-ED79-497E-9FF2-EA14F2A2401C}.Debug|Any CPU.Build.0 = Debug|Any CPU
		{A9D7128A-ED79-497E-9FF2-EA14F2A2401C}.Release|Any CPU.ActiveCfg = Release|Any CPU
		{A9D7128A-ED79-497E-9FF2-EA14F2A2401C}.Release|Any CPU.Build.0 = Release|Any CPU
	EndGlobalSection
	GlobalSection(SolutionProperties) = preSolution
		HideSolutionNode = FALSE
	EndGlobalSection
	GlobalSection(ExtensibilityGlobals) = postSolution
		SolutionGuid = {A2B6AFE8-0A1C-4CAB-9C3E-604B2F166ED0}
	EndGlobalSection
EndGlobal
