
Microsoft Visual Studio Solution File, Format Version 12.00
# Visual Studio 15
VisualStudioVersion = 15.0.28307.645
MinimumVisualStudioVersion = 10.0.40219.1

Project("{FAE04EC0-301F-11D3-BF4B-00C04F79EFBC}") = "StackAndQueue", "StackAndQueue\StackAndQueue.csproj", "{45F201FD-0957-4943-92CC-CA1E90FA1367}"
EndProject
Project("{FAE04EC0-301F-11D3-BF4B-00C04F79EFBC}") = "StackAndQueueTests", "StackAndQueueTests\StackAndQueueTests.csproj", "{058381F4-DABD-42B4-B22C-35D0EF14A66F}"

EndProject
Global
	GlobalSection(SolutionConfigurationPlatforms) = preSolution
		Debug|Any CPU = Debug|Any CPU
		Release|Any CPU = Release|Any CPU
	EndGlobalSection
	GlobalSection(ProjectConfigurationPlatforms) = postSolution
		{45F201FD-0957-4943-92CC-CA1E90FA1367}.Debug|Any CPU.ActiveCfg = Debug|Any CPU
		{45F201FD-0957-4943-92CC-CA1E90FA1367}.Debug|Any CPU.Build.0 = Debug|Any CPU
		{45F201FD-0957-4943-92CC-CA1E90FA1367}.Release|Any CPU.ActiveCfg = Release|Any CPU
		{45F201FD-0957-4943-92CC-CA1E90FA1367}.Release|Any CPU.Build.0 = Release|Any CPU
		{058381F4-DABD-42B4-B22C-35D0EF14A66F}.Debug|Any CPU.ActiveCfg = Debug|Any CPU
		{058381F4-DABD-42B4-B22C-35D0EF14A66F}.Debug|Any CPU.Build.0 = Debug|Any CPU
		{058381F4-DABD-42B4-B22C-35D0EF14A66F}.Release|Any CPU.ActiveCfg = Release|Any CPU
		{058381F4-DABD-42B4-B22C-35D0EF14A66F}.Release|Any CPU.Build.0 = Release|Any CPU
	EndGlobalSection
	GlobalSection(SolutionProperties) = preSolution
		HideSolutionNode = FALSE
	EndGlobalSection
	GlobalSection(ExtensibilityGlobals) = postSolution
		SolutionGuid = {FBD58984-D41D-4441-BDAD-54C95029D6E0}
	EndGlobalSection
EndGlobal
